
Microsoft Visual Studio Solution File, Format Version 12.00
# Visual Studio 15
VisualStudioVersion = 15.0.26124.0
MinimumVisualStudioVersion = 15.0.26124.0
Project("{FAE04EC0-301F-11D3-BF4B-00C04F79EFBC}") = "BlazorServer", "BlazorServer\BlazorServer.csproj", "{607482A5-ADCF-4B9E-A0EB-45AA56AA6261}"
EndProject
Project("{FAE04EC0-301F-11D3-BF4B-00C04F79EFBC}") = "BlazorWasm", "BlazorWasm\BlazorWasm.csproj", "{D3D839F0-979C-4E8B-81E8-DD202A206A59}"
EndProject
Project("{FAE04EC0-301F-11D3-BF4B-00C04F79EFBC}") = "ComponentLibrary", "ComponentLibrary\ComponentLibrary.csproj", "{9661EA57-54DE-4499-95E0-DC0416BA0FD7}"
EndProject
Global
	GlobalSection(SolutionConfigurationPlatforms) = preSolution
		Debug|Any CPU = Debug|Any CPU
		Debug|x64 = Debug|x64
		Debug|x86 = Debug|x86
		Release|Any CPU = Release|Any CPU
		Release|x64 = Release|x64
		Release|x86 = Release|x86
	EndGlobalSection
	GlobalSection(SolutionProperties) = preSolution
		HideSolutionNode = FALSE
	EndGlobalSection
	GlobalSection(ProjectConfigurationPlatforms) = postSolution
		{607482A5-ADCF-4B9E-A0EB-45AA56AA6261}.Debug|Any CPU.ActiveCfg = Debug|Any CPU
		{607482A5-ADCF-4B9E-A0EB-45AA56AA6261}.Debug|Any CPU.Build.0 = Debug|Any CPU
		{607482A5-ADCF-4B9E-A0EB-45AA56AA6261}.Debug|x64.ActiveCfg = Debug|Any CPU
		{607482A5-ADCF-4B9E-A0EB-45AA56AA6261}.Debug|x64.Build.0 = Debug|Any CPU
		{607482A5-ADCF-4B9E-A0EB-45AA56AA6261}.Debug|x86.ActiveCfg = Debug|Any CPU
		{607482A5-ADCF-4B9E-A0EB-45AA56AA6261}.Debug|x86.Build.0 = Debug|Any CPU
		{607482A5-ADCF-4B9E-A0EB-45AA56AA6261}.Release|Any CPU.ActiveCfg = Release|Any CPU
		{607482A5-ADCF-4B9E-A0EB-45AA56AA6261}.Release|Any CPU.Build.0 = Release|Any CPU
		{607482A5-ADCF-4B9E-A0EB-45AA56AA6261}.Release|x64.ActiveCfg = Release|Any CPU
		{607482A5-ADCF-4B9E-A0EB-45AA56AA6261}.Release|x64.Build.0 = Release|Any CPU
		{607482A5-ADCF-4B9E-A0EB-45AA56AA6261}.Release|x86.ActiveCfg = Release|Any CPU
		{607482A5-ADCF-4B9E-A0EB-45AA56AA6261}.Release|x86.Build.0 = Release|Any CPU
		{D3D839F0-979C-4E8B-81E8-DD202A206A59}.Debug|Any CPU.ActiveCfg = Debug|Any CPU
		{D3D839F0-979C-4E8B-81E8-DD202A206A59}.Debug|Any CPU.Build.0 = Debug|Any CPU
		{D3D839F0-979C-4E8B-81E8-DD202A206A59}.Debug|x64.ActiveCfg = Debug|Any CPU
		{D3D839F0-979C-4E8B-81E8-DD202A206A59}.Debug|x64.Build.0 = Debug|Any CPU
		{D3D839F0-979C-4E8B-81E8-DD202A206A59}.Debug|x86.ActiveCfg = Debug|Any CPU
		{D3D839F0-979C-4E8B-81E8-DD202A206A59}.Debug|x86.Build.0 = Debug|Any CPU
		{D3D839F0-979C-4E8B-81E8-DD202A206A59}.Release|Any CPU.ActiveCfg = Release|Any CPU
		{D3D839F0-979C-4E8B-81E8-DD202A206A59}.Release|Any CPU.Build.0 = Release|Any CPU
		{D3D839F0-979C-4E8B-81E8-DD202A206A59}.Release|x64.ActiveCfg = Release|Any CPU
		{D3D839F0-979C-4E8B-81E8-DD202A206A59}.Release|x64.Build.0 = Release|Any CPU
		{D3D839F0-979C-4E8B-81E8-DD202A206A59}.Release|x86.ActiveCfg = Release|Any CPU
		{D3D839F0-979C-4E8B-81E8-DD202A206A59}.Release|x86.Build.0 = Release|Any CPU
		{9661EA57-54DE-4499-95E0-DC0416BA0FD7}.Debug|Any CPU.ActiveCfg = Debug|Any CPU
		{9661EA57-54DE-4499-95E0-DC0416BA0FD7}.Debug|Any CPU.Build.0 = Debug|Any CPU
		{9661EA57-54DE-4499-95E0-DC0416BA0FD7}.Debug|x64.ActiveCfg = Debug|Any CPU
		{9661EA57-54DE-4499-95E0-DC0416BA0FD7}.Debug|x64.Build.0 = Debug|Any CPU
		{9661EA57-54DE-4499-95E0-DC0416BA0FD7}.Debug|x86.ActiveCfg = Debug|Any CPU
		{9661EA57-54DE-4499-95E0-DC0416BA0FD7}.Debug|x86.Build.0 = Debug|Any CPU
		{9661EA57-54DE-4499-95E0-DC0416BA0FD7}.Release|Any CPU.ActiveCfg = Release|Any CPU
		{9661EA57-54DE-4499-95E0-DC0416BA0FD7}.Release|Any CPU.Build.0 = Release|Any CPU
		{9661EA57-54DE-4499-95E0-DC0416BA0FD7}.Release|x64.ActiveCfg = Release|Any CPU
		{9661EA57-54DE-4499-95E0-DC0416BA0FD7}.Release|x64.Build.0 = Release|Any CPU
		{9661EA57-54DE-4499-95E0-DC0416BA0FD7}.Release|x86.ActiveCfg = Release|Any CPU
		{9661EA57-54DE-4499-95E0-DC0416BA0FD7}.Release|x86.Build.0 = Release|Any CPU
	EndGlobalSection
EndGlobal
